[root]
name = "rust_decimal"
version = "0.3.0"
dependencies = [
 "byteorder 1.0.0 (registry+https://github.com/rust-lang/crates.io-index)",
 "lazy_static 0.2.2 (registry+https://github.com/rust-lang/crates.io-index)",
 "num 0.1.37 (registry+https://github.com/rust-lang/crates.io-index)",
 "postgres 0.14.0 (registry+https://github.com/rust-lang/crates.io-index)",
 "serde 1.0.8 (registry+https://github.com/rust-lang/crates.io-index)",
 "serde_json 1.0.2 (registry+https://github.com/rust-lang/crates.io-index)",
]

[[package]]
name = "bufstream"
version = "0.1.2"
source = "registry+https://github.com/rust-lang/crates.io-index"

[[package]]
name = "byteorder"
version = "1.0.0"
source = "registry+https://github.com/rust-lang/crates.io-index"

[[package]]
name = "dtoa"
version = "0.4.1"
source = "registry+https://github.com/rust-lang/crates.io-index"

[[package]]
name = "fallible-iterator"
version = "0.1.3"
source = "registry+https://github.com/rust-lang/crates.io-index"

[[package]]
name = "hex"
version = "0.2.0"
source = "registry+https://github.com/rust-lang/crates.io-index"

[[package]]
name = "itoa"
version = "0.3.1"
source = "registry+https://github.com/rust-lang/crates.io-index"

[[package]]
name = "lazy_static"
version = "0.2.2"
source = "registry+https://github.com/rust-lang/crates.io-index"

[[package]]
name = "libc"
version = "0.2.20"
source = "registry+https://github.com/rust-lang/crates.io-index"

[[package]]
name = "log"
version = "0.3.6"
source = "registry+https://github.com/rust-lang/crates.io-index"

[[package]]
name = "md5"
version = "0.3.3"
source = "registry+https://github.com/rust-lang/crates.io-index"

[[package]]
name = "memchr"
version = "1.0.1"
source = "registry+https://github.com/rust-lang/crates.io-index"
dependencies = [
 "libc 0.2.20 (registry+https://github.com/rust-lang/crates.io-index)",
]

[[package]]
name = "num"
version = "0.1.37"
source = "registry+https://github.com/rust-lang/crates.io-index"
dependencies = [
 "num-bigint 0.1.36 (registry+https://github.com/rust-lang/crates.io-index)",
 "num-complex 0.1.36 (registry+https://github.com/rust-lang/crates.io-index)",
 "num-integer 0.1.33 (registry+https://github.com/rust-lang/crates.io-index)",
 "num-iter 0.1.33 (registry+https://github.com/rust-lang/crates.io-index)",
 "num-rational 0.1.36 (registry+https://github.com/rust-lang/crates.io-index)",
 "num-traits 0.1.37 (registry+https://github.com/rust-lang/crates.io-index)",
]

[[package]]
name = "num-bigint"
version = "0.1.36"
source = "registry+https://github.com/rust-lang/crates.io-index"
dependencies = [
 "num-integer 0.1.33 (registry+https://github.com/rust-lang/crates.io-index)",
 "num-traits 0.1.37 (registry+https://github.com/rust-lang/crates.io-index)",
 "rand 0.3.15 (registry+https://github.com/rust-lang/crates.io-index)",
 "rustc-serialize 0.3.22 (registry+https://github.com/rust-lang/crates.io-index)",
]

[[package]]
name = "num-complex"
version = "0.1.36"
source = "registry+https://github.com/rust-lang/crates.io-index"
dependencies = [
 "num-traits 0.1.37 (registry+https://github.com/rust-lang/crates.io-index)",
 "rustc-serialize 0.3.22 (registry+https://github.com/rust-lang/crates.io-index)",
]

[[package]]
name = "num-integer"
version = "0.1.33"
source = "registry+https://github.com/rust-lang/crates.io-index"
dependencies = [
 "num-traits 0.1.37 (registry+https://github.com/rust-lang/crates.io-index)",
]

[[package]]
name = "num-iter"
version = "0.1.33"
source = "registry+https://github.com/rust-lang/crates.io-index"
dependencies = [
 "num-integer 0.1.33 (registry+https://github.com/rust-lang/crates.io-index)",
 "num-traits 0.1.37 (registry+https://github.com/rust-lang/crates.io-index)",
]

[[package]]
name = "num-rational"
version = "0.1.36"
source = "registry+https://github.com/rust-lang/crates.io-index"
dependencies = [
 "num-bigint 0.1.36 (registry+https://github.com/rust-lang/crates.io-index)",
 "num-integer 0.1.33 (registry+https://github.com/rust-lang/crates.io-index)",
 "num-traits 0.1.37 (registry+https://github.com/rust-lang/crates.io-index)",
 "rustc-serialize 0.3.22 (registry+https://github.com/rust-lang/crates.io-index)",
]

[[package]]
name = "num-traits"
version = "0.1.37"
source = "registry+https://github.com/rust-lang/crates.io-index"

[[package]]
name = "phf"
version = "0.7.21"
source = "registry+https://github.com/rust-lang/crates.io-index"
dependencies = [
 "phf_shared 0.7.21 (registry+https://github.com/rust-lang/crates.io-index)",
]

[[package]]
name = "phf_shared"
version = "0.7.21"
source = "registry+https://github.com/rust-lang/crates.io-index"
dependencies = [
 "siphasher 0.2.1 (registry+https://github.com/rust-lang/crates.io-index)",
]

[[package]]
name = "postgres"
version = "0.14.0"
source = "registry+https://github.com/rust-lang/crates.io-index"
dependencies = [
 "bufstream 0.1.2 (registry+https://github.com/rust-lang/crates.io-index)",
 "fallible-iterator 0.1.3 (registry+https://github.com/rust-lang/crates.io-index)",
 "hex 0.2.0 (registry+https://github.com/rust-lang/crates.io-index)",
 "log 0.3.6 (registry+https://github.com/rust-lang/crates.io-index)",
 "postgres-protocol 0.2.1 (registry+https://github.com/rust-lang/crates.io-index)",
 "postgres-shared 0.2.0 (registry+https://github.com/rust-lang/crates.io-index)",
]

[[package]]
name = "postgres-protocol"
version = "0.2.1"
source = "registry+https://github.com/rust-lang/crates.io-index"
dependencies = [
 "byteorder 1.0.0 (registry+https://github.com/rust-lang/crates.io-index)",
 "fallible-iterator 0.1.3 (registry+https://github.com/rust-lang/crates.io-index)",
 "md5 0.3.3 (registry+https://github.com/rust-lang/crates.io-index)",
 "memchr 1.0.1 (registry+https://github.com/rust-lang/crates.io-index)",
]

[[package]]
name = "postgres-shared"
version = "0.2.0"
source = "registry+https://github.com/rust-lang/crates.io-index"
dependencies = [
 "fallible-iterator 0.1.3 (registry+https://github.com/rust-lang/crates.io-index)",
 "hex 0.2.0 (registry+https://github.com/rust-lang/crates.io-index)",
 "phf 0.7.21 (registry+https://github.com/rust-lang/crates.io-index)",
 "postgres-protocol 0.2.1 (registry+https://github.com/rust-lang/crates.io-index)",
]

[[package]]
name = "rand"
version = "0.3.15"
source = "registry+https://github.com/rust-lang/crates.io-index"
dependencies = [
 "libc 0.2.20 (registry+https://github.com/rust-lang/crates.io-index)",
]

[[package]]
name = "rustc-serialize"
version = "0.3.22"
source = "registry+https://github.com/rust-lang/crates.io-index"

[[package]]
name = "serde"
version = "1.0.8"
source = "registry+https://github.com/rust-lang/crates.io-index"

[[package]]
name = "serde_json"
version = "1.0.2"
source = "registry+https://github.com/rust-lang/crates.io-index"
dependencies = [
 "dtoa 0.4.1 (registry+https://github.com/rust-lang/crates.io-index)",
 "itoa 0.3.1 (registry+https://github.com/rust-lang/crates.io-index)",
 "num-traits 0.1.37 (registry+https://github.com/rust-lang/crates.io-index)",
 "serde 1.0.8 (registry+https://github.com/rust-lang/crates.io-index)",
]

[[package]]
name = "siphasher"
version = "0.2.1"
source = "registry+https://github.com/rust-lang/crates.io-index"

[metadata]
"checksum bufstream 0.1.2 (registry+https://github.com/rust-lang/crates.io-index)" = "7b48dbe2ff0e98fa2f03377d204a9637d3c9816cd431bfe05a8abbd0ea11d074"
"checksum byteorder 1.0.0 (registry+https://github.com/rust-lang/crates.io-index)" = "c40977b0ee6b9885c9013cd41d9feffdd22deb3bb4dc3a71d901cc7a77de18c8"
"checksum dtoa 0.4.1 (registry+https://github.com/rust-lang/crates.io-index)" = "80c8b71fd71146990a9742fc06dcbbde19161a267e0ad4e572c35162f4578c90"
"checksum fallible-iterator 0.1.3 (registry+https://github.com/rust-lang/crates.io-index)" = "5d48ab1bc11a086628e8cc0cc2c2dc200b884ac05c4b48fb71d6036b6999ff1d"
"checksum hex 0.2.0 (registry+https://github.com/rust-lang/crates.io-index)" = "d6a22814455d41612f41161581c2883c0c6a1c41852729b17d5ed88f01e153aa"
"checksum itoa 0.3.1 (registry+https://github.com/rust-lang/crates.io-index)" = "eb2f404fbc66fd9aac13e998248505e7ecb2ad8e44ab6388684c5fb11c6c251c"
"checksum lazy_static 0.2.2 (registry+https://github.com/rust-lang/crates.io-index)" = "6abe0ee2e758cd6bc8a2cd56726359007748fbf4128da998b65d0b70f881e19b"
"checksum libc 0.2.20 (registry+https://github.com/rust-lang/crates.io-index)" = "684f330624d8c3784fb9558ca46c4ce488073a8d22450415c5eb4f4cfb0d11b5"
"checksum log 0.3.6 (registry+https://github.com/rust-lang/crates.io-index)" = "ab83497bf8bf4ed2a74259c1c802351fcd67a65baa86394b6ba73c36f4838054"
"checksum md5 0.3.3 (registry+https://github.com/rust-lang/crates.io-index)" = "15956cea30df18e33e057755ef83f072eff7814ef8da051223de0d3b7fa8b347"
"checksum memchr 1.0.1 (registry+https://github.com/rust-lang/crates.io-index)" = "1dbccc0e46f1ea47b9f17e6d67c5a96bd27030519c519c9c91327e31275a47b4"
"checksum num 0.1.37 (registry+https://github.com/rust-lang/crates.io-index)" = "98b15ba84e910ea7a1973bccd3df7b31ae282bf9d8bd2897779950c9b8303d40"
"checksum num-bigint 0.1.36 (registry+https://github.com/rust-lang/crates.io-index)" = "5e2955fede25639c4f4f797e864b7585f20d98069c45e0c86b1d22a808eb9f77"
"checksum num-complex 0.1.36 (registry+https://github.com/rust-lang/crates.io-index)" = "3534898d8a1f6b16c12f9fc2f4eaabc7ecdcc55f267213caa8988fdc7d60ff94"
"checksum num-integer 0.1.33 (registry+https://github.com/rust-lang/crates.io-index)" = "21e4df1098d1d797d27ef0c69c178c3fab64941559b290fcae198e0825c9c8b5"
"checksum num-iter 0.1.33 (registry+https://github.com/rust-lang/crates.io-index)" = "f7d1891bd7b936f12349b7d1403761c8a0b85a18b148e9da4429d5d102c1a41e"
"checksum num-rational 0.1.36 (registry+https://github.com/rust-lang/crates.io-index)" = "c2dc5ea04020a8f18318ae485c751f8cfa1c0e69dcf465c29ddaaa64a313cc44"
"checksum num-traits 0.1.37 (registry+https://github.com/rust-lang/crates.io-index)" = "e1cbfa3781f3fe73dc05321bed52a06d2d491eaa764c52335cf4399f046ece99"
"checksum phf 0.7.21 (registry+https://github.com/rust-lang/crates.io-index)" = "cb325642290f28ee14d8c6201159949a872f220c62af6e110a56ea914fbe42fc"
"checksum phf_shared 0.7.21 (registry+https://github.com/rust-lang/crates.io-index)" = "07e24b0ca9643bdecd0632f2b3da6b1b89bbb0030e0b992afc1113b23a7bc2f2"
"checksum postgres 0.14.0 (registry+https://github.com/rust-lang/crates.io-index)" = "aadd34ecc7aa81eae593f8299bb57e066277cda3d63713b2352245060713466d"
"checksum postgres-protocol 0.2.1 (registry+https://github.com/rust-lang/crates.io-index)" = "a8210267a051af88e19a35defb2a26ecd2f84a4f3cba66c28a849a8caa4471be"
"checksum postgres-shared 0.2.0 (registry+https://github.com/rust-lang/crates.io-index)" = "857ef343933a7d81e365a334f505a07db16ab7be64d9d7cd82c78d2f486777e4"
"checksum rand 0.3.15 (registry+https://github.com/rust-lang/crates.io-index)" = "022e0636ec2519ddae48154b028864bdce4eaf7d35226ab8e65c611be97b189d"
"checksum rustc-serialize 0.3.22 (registry+https://github.com/rust-lang/crates.io-index)" = "237546c689f20bb44980270c73c3b9edd0891c1be49cc1274406134a66d3957b"
"checksum serde 1.0.8 (registry+https://github.com/rust-lang/crates.io-index)" = "c2f530d36fb84ec48fb7146936881f026cdbf4892028835fd9398475f82c1bb4"
"checksum serde_json 1.0.2 (registry+https://github.com/rust-lang/crates.io-index)" = "48b04779552e92037212c3615370f6bd57a40ebba7f20e554ff9f55e41a69a7b"
"checksum siphasher 0.2.1 (registry+https://github.com/rust-lang/crates.io-index)" = "2ffc669b726f2bc9a3bcff66e5e23b56ba6bf70e22a34c3d7b6d0b3450b65b84"
